
Microsoft Visual Studio Solution File, Format Version 12.00
# Visual Studio Version 17
VisualStudioVersion = 17.4.33205.214
MinimumVisualStudioVersion = 10.0.40219.1
Project("{FAE04EC0-301F-11D3-BF4B-00C04F79EFBC}") = "Test", "Test\Test.csproj", "{82F146F7-AFBD-485C-BD19-352674D1E557}"
EndProject
Project("{E53339B2-1760-4266-BCC7-CA923CBCF16C}") = "docker-compose", "docker-compose.dcproj", "{2CF4BAC7-84B5-498B-8391-0519ED957C5E}"
EndProject
Global
	GlobalSection(SolutionConfigurationPlatforms) = preSolution
		Debug|Any CPU = Debug|Any CPU
		Release|Any CPU = Release|Any CPU
	EndGlobalSection
	GlobalSection(ProjectConfigurationPlatforms) = postSolution
		{82F146F7-AFBD-485C-BD19-352674D1E557}.Debug|Any CPU.ActiveCfg = Debug|Any CPU
		{82F146F7-AFBD-485C-BD19-352674D1E557}.Debug|Any CPU.Build.0 = Debug|Any CPU
		{82F146F7-AFBD-485C-BD19-352674D1E557}.Release|Any CPU.ActiveCfg = Release|Any CPU
		{82F146F7-AFBD-485C-BD19-352674D1E557}.Release|Any CPU.Build.0 = Release|Any CPU
		{2CF4BAC7-84B5-498B-8391-0519ED957C5E}.Debug|Any CPU.ActiveCfg = Debug|Any CPU
		{2CF4BAC7-84B5-498B-8391-0519ED957C5E}.Debug|Any CPU.Build.0 = Debug|Any CPU
		{2CF4BAC7-84B5-498B-8391-0519ED957C5E}.Release|Any CPU.ActiveCfg = Release|Any CPU
		{2CF4BAC7-84B5-498B-8391-0519ED957C5E}.Release|Any CPU.Build.0 = Release|Any CPU
	EndGlobalSection
	GlobalSection(SolutionProperties) = preSolution
		HideSolutionNode = FALSE
	EndGlobalSection
	GlobalSection(ExtensibilityGlobals) = postSolution
		SolutionGuid = {005DBFD5-D862-4322-8601-EB7667B2657D}
	EndGlobalSection
EndGlobal
